// !$*UTF8*$!
{
	archiveVersion = 1;
	classes = {
	};
	objectVersion = 46;
	objects = {

/* Begin PBXBuildFile section */
		090FDAED1807C20E00635B6C /* AlbumEntity.m in Sources */ = {isa = PBXBuildFile; fileRef = 090FDAEC1807C20E00635B6C /* AlbumEntity.m */; };
		090FDAF01807C2B600635B6C /* AlbumEntity+Helper.m in Sources */ = {isa = PBXBuildFile; fileRef = 090FDAEF1807C2B600635B6C /* AlbumEntity+Helper.m */; };
		09377CCB179CFE3F00CCABF0 /* Foundation.framework in Frameworks */ = {isa = PBXBuildFile; fileRef = 09377CCA179CFE3F00CCABF0 /* Foundation.framework */; };
		09377CD0179CFE3F00CCABF0 /* HPMusicBoxCoreData.h in CopyFiles */ = {isa = PBXBuildFile; fileRef = 09377CCF179CFE3F00CCABF0 /* HPMusicBoxCoreData.h */; };
		09377CD2179CFE3F00CCABF0 /* HPMusicBoxCoreData.m in Sources */ = {isa = PBXBuildFile; fileRef = 09377CD1179CFE3F00CCABF0 /* HPMusicBoxCoreData.m */; };
		09377CD9179CFE3F00CCABF0 /* XCTest.framework in Frameworks */ = {isa = PBXBuildFile; fileRef = 09377CD8179CFE3F00CCABF0 /* XCTest.framework */; };
		09377CDA179CFE3F00CCABF0 /* Foundation.framework in Frameworks */ = {isa = PBXBuildFile; fileRef = 09377CCA179CFE3F00CCABF0 /* Foundation.framework */; };
		09377CDF179CFE3F00CCABF0 /* libHPMusicBoxCoreData.a in Frameworks */ = {isa = PBXBuildFile; fileRef = 09377CC7179CFE3F00CCABF0 /* libHPMusicBoxCoreData.a */; };
		09377CE5179CFE3F00CCABF0 /* InfoPlist.strings in Resources */ = {isa = PBXBuildFile; fileRef = 09377CE3179CFE3F00CCABF0 /* InfoPlist.strings */; };
		09377CE7179CFE3F00CCABF0 /* HPMusicBoxCoreDataTests.m in Sources */ = {isa = PBXBuildFile; fileRef = 09377CE6179CFE3F00CCABF0 /* HPMusicBoxCoreDataTests.m */; };
		09377CFA179E4C1900CCABF0 /* CoreData.framework in Frameworks */ = {isa = PBXBuildFile; fileRef = 09377CF9179E4C1900CCABF0 /* CoreData.framework */; };
		09377CFB179E4C2700CCABF0 /* CoreData.framework in Frameworks */ = {isa = PBXBuildFile; fileRef = 09377CF9179E4C1900CCABF0 /* CoreData.framework */; };
		09377CFD179E4CBB00CCABF0 /* UIKit.framework in Frameworks */ = {isa = PBXBuildFile; fileRef = 09377CFC179E4CBB00CCABF0 /* UIKit.framework */; };
		09377CFE179E4CC400CCABF0 /* UIKit.framework in Frameworks */ = {isa = PBXBuildFile; fileRef = 09377CFC179E4CBB00CCABF0 /* UIKit.framework */; };
		09377CFF179E56BD00CCABF0 /* MusicBoxModel.xcdatamodeld in Sources */ = {isa = PBXBuildFile; fileRef = 09377CF0179CFEBD00CCABF0 /* MusicBoxModel.xcdatamodeld */; };
		09377D00179E56BE00CCABF0 /* MusicBoxModel.xcdatamodeld in Sources */ = {isa = PBXBuildFile; fileRef = 09377CF0179CFEBD00CCABF0 /* MusicBoxModel.xcdatamodeld */; };
		098E485217AF7154001E0FCB /* ArtistEntity+Helper.m in Sources */ = {isa = PBXBuildFile; fileRef = 098E485117AF7154001E0FCB /* ArtistEntity+Helper.m */; };
		098E485317AF7154001E0FCB /* ArtistEntity+Helper.m in Sources */ = {isa = PBXBuildFile; fileRef = 098E485117AF7154001E0FCB /* ArtistEntity+Helper.m */; };
		098E485617AF72DC001E0FCB /* CriteriaPLEntity+Helper.m in Sources */ = {isa = PBXBuildFile; fileRef = 098E485517AF72DC001E0FCB /* CriteriaPLEntity+Helper.m */; };
		098E485717AF72DC001E0FCB /* CriteriaPLEntity+Helper.m in Sources */ = {isa = PBXBuildFile; fileRef = 098E485517AF72DC001E0FCB /* CriteriaPLEntity+Helper.m */; };
		098E488B17AF755D001E0FCB /* SmartPlaylistEntity+Helper.m in Sources */ = {isa = PBXBuildFile; fileRef = 098E488A17AF755D001E0FCB /* SmartPlaylistEntity+Helper.m */; };
		098E488C17AF755D001E0FCB /* SmartPlaylistEntity+Helper.m in Sources */ = {isa = PBXBuildFile; fileRef = 098E488A17AF755D001E0FCB /* SmartPlaylistEntity+Helper.m */; };
		09A9933717B0B9D7006C4552 /* SmartPlaylistEntity.m in Sources */ = {isa = PBXBuildFile; fileRef = 09A9933617B0B9D7006C4552 /* SmartPlaylistEntity.m */; };
		09A9933817B0B9D7006C4552 /* SmartPlaylistEntity.m in Sources */ = {isa = PBXBuildFile; fileRef = 09A9933617B0B9D7006C4552 /* SmartPlaylistEntity.m */; };
		09A9933B17B0B9D8006C4552 /* PLBaseEntity.m in Sources */ = {isa = PBXBuildFile; fileRef = 09A9933A17B0B9D8006C4552 /* PLBaseEntity.m */; };
		09A9933C17B0B9D8006C4552 /* PLBaseEntity.m in Sources */ = {isa = PBXBuildFile; fileRef = 09A9933A17B0B9D8006C4552 /* PLBaseEntity.m */; };
		09A9933F17B0B9D8006C4552 /* CriteriaPLEntity.m in Sources */ = {isa = PBXBuildFile; fileRef = 09A9933E17B0B9D8006C4552 /* CriteriaPLEntity.m */; };
		09A9934017B0B9D8006C4552 /* CriteriaPLEntity.m in Sources */ = {isa = PBXBuildFile; fileRef = 09A9933E17B0B9D8006C4552 /* CriteriaPLEntity.m */; };
		09A9934317B0B9D8006C4552 /* ArtistEntity.m in Sources */ = {isa = PBXBuildFile; fileRef = 09A9934217B0B9D8006C4552 /* ArtistEntity.m */; };
		09A9934417B0B9D8006C4552 /* ArtistEntity.m in Sources */ = {isa = PBXBuildFile; fileRef = 09A9934217B0B9D8006C4552 /* ArtistEntity.m */; };
		6A4BC8825838420584210BC8 /* libPods.a in Frameworks */ = {isa = PBXBuildFile; fileRef = 980C1F10487F453DA963B0F9 /* libPods.a */; };
/* End PBXBuildFile section */

/* Begin PBXContainerItemProxy section */
		09377CDD179CFE3F00CCABF0 /* PBXContainerItemProxy */ = {
			isa = PBXContainerItemProxy;
			containerPortal = 09377CBF179CFE3F00CCABF0 /* Project object */;
			proxyType = 1;
			remoteGlobalIDString = 09377CC6179CFE3F00CCABF0;
			remoteInfo = HPMusicBoxCoreData;
		};
/* End PBXContainerItemProxy section */

/* Begin PBXCopyFilesBuildPhase section */
		09377CC5179CFE3F00CCABF0 /* CopyFiles */ = {
			isa = PBXCopyFilesBuildPhase;
			buildActionMask = 2147483647;
			dstPath = "include/$(PRODUCT_NAME)";
			dstSubfolderSpec = 16;
			files = (
				09377CD0179CFE3F00CCABF0 /* HPMusicBoxCoreData.h in CopyFiles */,
			);
			runOnlyForDeploymentPostprocessing = 0;
		};
/* End PBXCopyFilesBuildPhase section */

/* Begin PBXFileReference section */
		090FDAEB1807C20E00635B6C /* AlbumEntity.h */ = {isa = PBXFileReference; fileEncoding = 4; lastKnownFileType = sourcecode.c.h; path = AlbumEntity.h; sourceTree = "<group>"; };
		090FDAEC1807C20E00635B6C /* AlbumEntity.m */ = {isa = PBXFileReference; fileEncoding = 4; lastKnownFileType = sourcecode.c.objc; path = AlbumEntity.m; sourceTree = "<group>"; };
		090FDAEE1807C2B600635B6C /* AlbumEntity+Helper.h */ = {isa = PBXFileReference; fileEncoding = 4; lastKnownFileType = sourcecode.c.h; path = "AlbumEntity+Helper.h"; sourceTree = "<group>"; };
		090FDAEF1807C2B600635B6C /* AlbumEntity+Helper.m */ = {isa = PBXFileReference; fileEncoding = 4; lastKnownFileType = sourcecode.c.objc; path = "AlbumEntity+Helper.m"; sourceTree = "<group>"; };
		09377CC7179CFE3F00CCABF0 /* libHPMusicBoxCoreData.a */ = {isa = PBXFileReference; explicitFileType = archive.ar; includeInIndex = 0; path = libHPMusicBoxCoreData.a; sourceTree = BUILT_PRODUCTS_DIR; };
		09377CCA179CFE3F00CCABF0 /* Foundation.framework */ = {isa = PBXFileReference; lastKnownFileType = wrapper.framework; name = Foundation.framework; path = System/Library/Frameworks/Foundation.framework; sourceTree = SDKROOT; };
		09377CCE179CFE3F00CCABF0 /* HPMusicBoxCoreData-Prefix.pch */ = {isa = PBXFileReference; lastKnownFileType = sourcecode.c.h; path = "HPMusicBoxCoreData-Prefix.pch"; sourceTree = "<group>"; };
		09377CCF179CFE3F00CCABF0 /* HPMusicBoxCoreData.h */ = {isa = PBXFileReference; lastKnownFileType = sourcecode.c.h; path = HPMusicBoxCoreData.h; sourceTree = "<group>"; };
		09377CD1179CFE3F00CCABF0 /* HPMusicBoxCoreData.m */ = {isa = PBXFileReference; lastKnownFileType = sourcecode.c.objc; path = HPMusicBoxCoreData.m; sourceTree = "<group>"; };
		09377CD7179CFE3F00CCABF0 /* HPMusicBoxCoreDataTests.xctest */ = {isa = PBXFileReference; explicitFileType = wrapper.cfbundle; includeInIndex = 0; path = HPMusicBoxCoreDataTests.xctest; sourceTree = BUILT_PRODUCTS_DIR; };
		09377CD8179CFE3F00CCABF0 /* XCTest.framework */ = {isa = PBXFileReference; lastKnownFileType = wrapper.framework; name = XCTest.framework; path = Library/Frameworks/XCTest.framework; sourceTree = DEVELOPER_DIR; };
		09377CDB179CFE3F00CCABF0 /* UIKit.framework */ = {isa = PBXFileReference; lastKnownFileType = wrapper.framework; name = UIKit.framework; path = Library/Frameworks/UIKit.framework; sourceTree = DEVELOPER_DIR; };
		09377CE2179CFE3F00CCABF0 /* HPMusicBoxCoreDataTests-Info.plist */ = {isa = PBXFileReference; lastKnownFileType = text.plist.xml; path = "HPMusicBoxCoreDataTests-Info.plist"; sourceTree = "<group>"; };
		09377CE4179CFE3F00CCABF0 /* en */ = {isa = PBXFileReference; lastKnownFileType = text.plist.strings; name = en; path = en.lproj/InfoPlist.strings; sourceTree = "<group>"; };
		09377CE6179CFE3F00CCABF0 /* HPMusicBoxCoreDataTests.m */ = {isa = PBXFileReference; lastKnownFileType = sourcecode.c.objc; path = HPMusicBoxCoreDataTests.m; sourceTree = "<group>"; };
		09377CF1179CFEBD00CCABF0 /* MusicBoxModel.xcdatamodel */ = {isa = PBXFileReference; lastKnownFileType = wrapper.xcdatamodel; path = MusicBoxModel.xcdatamodel; sourceTree = "<group>"; };
		09377CF6179E479200CCABF0 /* HPMusicBoxCoreData.podspec */ = {isa = PBXFileReference; lastKnownFileType = text; path = HPMusicBoxCoreData.podspec; sourceTree = "<group>"; };
		09377CF7179E4B1B00CCABF0 /* readme.txt */ = {isa = PBXFileReference; lastKnownFileType = text; path = readme.txt; sourceTree = "<group>"; };
		09377CF8179E4BD200CCABF0 /* HPMusicBoxCoreData_Private.h */ = {isa = PBXFileReference; fileEncoding = 4; lastKnownFileType = sourcecode.c.h; path = HPMusicBoxCoreData_Private.h; sourceTree = "<group>"; };
		09377CF9179E4C1900CCABF0 /* CoreData.framework */ = {isa = PBXFileReference; lastKnownFileType = wrapper.framework; name = CoreData.framework; path = System/Library/Frameworks/CoreData.framework; sourceTree = SDKROOT; };
		09377CFC179E4CBB00CCABF0 /* UIKit.framework */ = {isa = PBXFileReference; lastKnownFileType = wrapper.framework; name = UIKit.framework; path = System/Library/Frameworks/UIKit.framework; sourceTree = SDKROOT; };
		098E485017AF7154001E0FCB /* ArtistEntity+Helper.h */ = {isa = PBXFileReference; fileEncoding = 4; lastKnownFileType = sourcecode.c.h; path = "ArtistEntity+Helper.h"; sourceTree = "<group>"; };
		098E485117AF7154001E0FCB /* ArtistEntity+Helper.m */ = {isa = PBXFileReference; fileEncoding = 4; lastKnownFileType = sourcecode.c.objc; path = "ArtistEntity+Helper.m"; sourceTree = "<group>"; };
		098E485417AF72DC001E0FCB /* CriteriaPLEntity+Helper.h */ = {isa = PBXFileReference; fileEncoding = 4; lastKnownFileType = sourcecode.c.h; path = "CriteriaPLEntity+Helper.h"; sourceTree = "<group>"; };
		098E485517AF72DC001E0FCB /* CriteriaPLEntity+Helper.m */ = {isa = PBXFileReference; fileEncoding = 4; lastKnownFileType = sourcecode.c.objc; path = "CriteriaPLEntity+Helper.m"; sourceTree = "<group>"; };
		098E488917AF755D001E0FCB /* SmartPlaylistEntity+Helper.h */ = {isa = PBXFileReference; fileEncoding = 4; lastKnownFileType = sourcecode.c.h; path = "SmartPlaylistEntity+Helper.h"; sourceTree = "<group>"; };
		098E488A17AF755D001E0FCB /* SmartPlaylistEntity+Helper.m */ = {isa = PBXFileReference; fileEncoding = 4; lastKnownFileType = sourcecode.c.objc; path = "SmartPlaylistEntity+Helper.m"; sourceTree = "<group>"; };
		09A9933517B0B9D7006C4552 /* SmartPlaylistEntity.h */ = {isa = PBXFileReference; fileEncoding = 4; lastKnownFileType = sourcecode.c.h; path = SmartPlaylistEntity.h; sourceTree = "<group>"; };
		09A9933617B0B9D7006C4552 /* SmartPlaylistEntity.m */ = {isa = PBXFileReference; fileEncoding = 4; lastKnownFileType = sourcecode.c.objc; path = SmartPlaylistEntity.m; sourceTree = "<group>"; };
		09A9933917B0B9D8006C4552 /* PLBaseEntity.h */ = {isa = PBXFileReference; fileEncoding = 4; lastKnownFileType = sourcecode.c.h; path = PLBaseEntity.h; sourceTree = "<group>"; };
		09A9933A17B0B9D8006C4552 /* PLBaseEntity.m */ = {isa = PBXFileReference; fileEncoding = 4; lastKnownFileType = sourcecode.c.objc; path = PLBaseEntity.m; sourceTree = "<group>"; };
		09A9933D17B0B9D8006C4552 /* CriteriaPLEntity.h */ = {isa = PBXFileReference; fileEncoding = 4; lastKnownFileType = sourcecode.c.h; path = CriteriaPLEntity.h; sourceTree = "<group>"; };
		09A9933E17B0B9D8006C4552 /* CriteriaPLEntity.m */ = {isa = PBXFileReference; fileEncoding = 4; lastKnownFileType = sourcecode.c.objc; path = CriteriaPLEntity.m; sourceTree = "<group>"; };
		09A9934117B0B9D8006C4552 /* ArtistEntity.h */ = {isa = PBXFileReference; fileEncoding = 4; lastKnownFileType = sourcecode.c.h; path = ArtistEntity.h; sourceTree = "<group>"; };
		09A9934217B0B9D8006C4552 /* ArtistEntity.m */ = {isa = PBXFileReference; fileEncoding = 4; lastKnownFileType = sourcecode.c.objc; path = ArtistEntity.m; sourceTree = "<group>"; };
		7E8F1434222146CFB61E5787 /* Pods.xcconfig */ = {isa = PBXFileReference; includeInIndex = 1; lastKnownFileType = text.xcconfig; name = Pods.xcconfig; path = Pods/Pods.xcconfig; sourceTree = SOURCE_ROOT; };
		980C1F10487F453DA963B0F9 /* libPods.a */ = {isa = PBXFileReference; explicitFileType = archive.ar; includeInIndex = 0; path = libPods.a; sourceTree = BUILT_PRODUCTS_DIR; };
/* End PBXFileReference section */

/* Begin PBXFrameworksBuildPhase section */
		09377CC4179CFE3F00CCABF0 /* Frameworks */ = {
			isa = PBXFrameworksBuildPhase;
			buildActionMask = 2147483647;
			files = (
				09377CFD179E4CBB00CCABF0 /* UIKit.framework in Frameworks */,
				09377CFA179E4C1900CCABF0 /* CoreData.framework in Frameworks */,
				09377CCB179CFE3F00CCABF0 /* Foundation.framework in Frameworks */,
				6A4BC8825838420584210BC8 /* libPods.a in Frameworks */,
			);
			runOnlyForDeploymentPostprocessing = 0;
		};
		09377CD4179CFE3F00CCABF0 /* Frameworks */ = {
			isa = PBXFrameworksBuildPhase;
			buildActionMask = 2147483647;
			files = (
				09377CFE179E4CC400CCABF0 /* UIKit.framework in Frameworks */,
				09377CFB179E4C2700CCABF0 /* CoreData.framework in Frameworks */,
				09377CD9179CFE3F00CCABF0 /* XCTest.framework in Frameworks */,
				09377CDF179CFE3F00CCABF0 /* libHPMusicBoxCoreData.a in Frameworks */,
				09377CDA179CFE3F00CCABF0 /* Foundation.framework in Frameworks */,
			);
			runOnlyForDeploymentPostprocessing = 0;
		};
/* End PBXFrameworksBuildPhase section */

/* Begin PBXGroup section */
		09377CBE179CFE3F00CCABF0 = {
			isa = PBXGroup;
			children = (
				09377CF7179E4B1B00CCABF0 /* readme.txt */,
				09377CF6179E479200CCABF0 /* HPMusicBoxCoreData.podspec */,
				09377CCC179CFE3F00CCABF0 /* HPMusicBoxCoreData */,
				09377CE0179CFE3F00CCABF0 /* HPMusicBoxCoreDataTests */,
				09377CC9179CFE3F00CCABF0 /* Frameworks */,
				09377CC8179CFE3F00CCABF0 /* Products */,
				7E8F1434222146CFB61E5787 /* Pods.xcconfig */,
			);
			sourceTree = "<group>";
		};
		09377CC8179CFE3F00CCABF0 /* Products */ = {
			isa = PBXGroup;
			children = (
				09377CC7179CFE3F00CCABF0 /* libHPMusicBoxCoreData.a */,
				09377CD7179CFE3F00CCABF0 /* HPMusicBoxCoreDataTests.xctest */,
			);
			name = Products;
			sourceTree = "<group>";
		};
		09377CC9179CFE3F00CCABF0 /* Frameworks */ = {
			isa = PBXGroup;
			children = (
				09377CFC179E4CBB00CCABF0 /* UIKit.framework */,
				09377CF9179E4C1900CCABF0 /* CoreData.framework */,
				09377CCA179CFE3F00CCABF0 /* Foundation.framework */,
				09377CD8179CFE3F00CCABF0 /* XCTest.framework */,
				09377CDB179CFE3F00CCABF0 /* UIKit.framework */,
				980C1F10487F453DA963B0F9 /* libPods.a */,
			);
			name = Frameworks;
			sourceTree = "<group>";
		};
		09377CCC179CFE3F00CCABF0 /* HPMusicBoxCoreData */ = {
			isa = PBXGroup;
			children = (
				090FDAEE1807C2B600635B6C /* AlbumEntity+Helper.h */,
				090FDAEF1807C2B600635B6C /* AlbumEntity+Helper.m */,
				098E485017AF7154001E0FCB /* ArtistEntity+Helper.h */,
				098E485117AF7154001E0FCB /* ArtistEntity+Helper.m */,
				098E485417AF72DC001E0FCB /* CriteriaPLEntity+Helper.h */,
				098E485517AF72DC001E0FCB /* CriteriaPLEntity+Helper.m */,
				098E487817AF745F001E0FCB /* generated */,
				09377CCF179CFE3F00CCABF0 /* HPMusicBoxCoreData.h */,
				09377CD1179CFE3F00CCABF0 /* HPMusicBoxCoreData.m */,
				09377CF8179E4BD200CCABF0 /* HPMusicBoxCoreData_Private.h */,
				09377CF0179CFEBD00CCABF0 /* MusicBoxModel.xcdatamodeld */,
				098E488917AF755D001E0FCB /* SmartPlaylistEntity+Helper.h */,
				098E488A17AF755D001E0FCB /* SmartPlaylistEntity+Helper.m */,
				09377CCD179CFE3F00CCABF0 /* Supporting Files */,
			);
			path = HPMusicBoxCoreData;
			sourceTree = "<group>";
		};
		09377CCD179CFE3F00CCABF0 /* Supporting Files */ = {
			isa = PBXGroup;
			children = (
				09377CCE179CFE3F00CCABF0 /* HPMusicBoxCoreData-Prefix.pch */,
			);
			name = "Supporting Files";
			sourceTree = "<group>";
		};
		09377CE0179CFE3F00CCABF0 /* HPMusicBoxCoreDataTests */ = {
			isa = PBXGroup;
			children = (
				09377CE6179CFE3F00CCABF0 /* HPMusicBoxCoreDataTests.m */,
				09377CE1179CFE3F00CCABF0 /* Supporting Files */,
			);
			path = HPMusicBoxCoreDataTests;
			sourceTree = "<group>";
		};
		09377CE1179CFE3F00CCABF0 /* Supporting Files */ = {
			isa = PBXGroup;
			children = (
				09377CE2179CFE3F00CCABF0 /* HPMusicBoxCoreDataTests-Info.plist */,
				09377CE3179CFE3F00CCABF0 /* InfoPlist.strings */,
			);
			name = "Supporting Files";
			sourceTree = "<group>";
		};
		098E487817AF745F001E0FCB /* generated */ = {
			isa = PBXGroup;
			children = (
				090FDAEB1807C20E00635B6C /* AlbumEntity.h */,
				090FDAEC1807C20E00635B6C /* AlbumEntity.m */,
				09A9934117B0B9D8006C4552 /* ArtistEntity.h */,
				09A9934217B0B9D8006C4552 /* ArtistEntity.m */,
				09A9933D17B0B9D8006C4552 /* CriteriaPLEntity.h */,
				09A9933E17B0B9D8006C4552 /* CriteriaPLEntity.m */,
				09A9933917B0B9D8006C4552 /* PLBaseEntity.h */,
				09A9933A17B0B9D8006C4552 /* PLBaseEntity.m */,
				09A9933517B0B9D7006C4552 /* SmartPlaylistEntity.h */,
				09A9933617B0B9D7006C4552 /* SmartPlaylistEntity.m */,
			);
			path = generated;
			sourceTree = "<group>";
		};
/* End PBXGroup section */

/* Begin PBXNativeTarget section */
		09377CC6179CFE3F00CCABF0 /* HPMusicBoxCoreData */ = {
			isa = PBXNativeTarget;
			buildConfigurationList = 09377CEA179CFE3F00CCABF0 /* Build configuration list for PBXNativeTarget "HPMusicBoxCoreData" */;
			buildPhases = (
				0482B6371CB945579518493D /* Check Pods Manifest.lock */,
				09377CC3179CFE3F00CCABF0 /* Sources */,
				09377CC4179CFE3F00CCABF0 /* Frameworks */,
				09377CC5179CFE3F00CCABF0 /* CopyFiles */,
				9514D3E083764E03B48A3848 /* Copy Pods Resources */,
			);
			buildRules = (
			);
			dependencies = (
			);
			name = HPMusicBoxCoreData;
			productName = HPMusicBoxCoreData;
			productReference = 09377CC7179CFE3F00CCABF0 /* libHPMusicBoxCoreData.a */;
			productType = "com.apple.product-type.library.static";
		};
		09377CD6179CFE3F00CCABF0 /* HPMusicBoxCoreDataTests */ = {
			isa = PBXNativeTarget;
			buildConfigurationList = 09377CED179CFE3F00CCABF0 /* Build configuration list for PBXNativeTarget "HPMusicBoxCoreDataTests" */;
			buildPhases = (
				09377CD3179CFE3F00CCABF0 /* Sources */,
				09377CD4179CFE3F00CCABF0 /* Frameworks */,
				09377CD5179CFE3F00CCABF0 /* Resources */,
			);
			buildRules = (
			);
			dependencies = (
				09377CDE179CFE3F00CCABF0 /* PBXTargetDependency */,
			);
			name = HPMusicBoxCoreDataTests;
			productName = HPMusicBoxCoreDataTests;
			productReference = 09377CD7179CFE3F00CCABF0 /* HPMusicBoxCoreDataTests.xctest */;
			productType = "com.apple.product-type.bundle.unit-test";
		};
/* End PBXNativeTarget section */

/* Begin PBXProject section */
		09377CBF179CFE3F00CCABF0 /* Project object */ = {
			isa = PBXProject;
			attributes = {
				LastUpgradeCheck = 0500;
				ORGANIZATIONNAME = "Hervé PEROTEAU";
			};
			buildConfigurationList = 09377CC2179CFE3F00CCABF0 /* Build configuration list for PBXProject "HPMusicBoxCoreData" */;
			compatibilityVersion = "Xcode 3.2";
			developmentRegion = English;
			hasScannedForEncodings = 0;
			knownRegions = (
				en,
			);
			mainGroup = 09377CBE179CFE3F00CCABF0;
			productRefGroup = 09377CC8179CFE3F00CCABF0 /* Products */;
			projectDirPath = "";
			projectRoot = "";
			targets = (
				09377CC6179CFE3F00CCABF0 /* HPMusicBoxCoreData */,
				09377CD6179CFE3F00CCABF0 /* HPMusicBoxCoreDataTests */,
			);
		};
/* End PBXProject section */

/* Begin PBXResourcesBuildPhase section */
		09377CD5179CFE3F00CCABF0 /* Resources */ = {
			isa = PBXResourcesBuildPhase;
			buildActionMask = 2147483647;
			files = (
				09377CE5179CFE3F00CCABF0 /* InfoPlist.strings in Resources */,
			);
			runOnlyForDeploymentPostprocessing = 0;
		};
/* End PBXResourcesBuildPhase section */

/* Begin PBXShellScriptBuildPhase section */
		0482B6371CB945579518493D /* Check Pods Manifest.lock */ = {
			isa = PBXShellScriptBuildPhase;
			buildActionMask = 2147483647;
			files = (
			);
			inputPaths = (
			);
			name = "Check Pods Manifest.lock";
			outputPaths = (
			);
			runOnlyForDeploymentPostprocessing = 0;
			shellPath = /bin/sh;
			shellScript = "diff \"${PODS_ROOT}/../Podfile.lock\" \"${PODS_ROOT}/Manifest.lock\" > /dev/null\nif [[ $? != 0 ]] ; then\n    cat << EOM\nerror: The sandbox is not in sync with the Podfile.lock. Run 'pod install' or update your CocoaPods installation.\nEOM\n    exit 1\nfi\n";
		};
		9514D3E083764E03B48A3848 /* Copy Pods Resources */ = {
			isa = PBXShellScriptBuildPhase;
			buildActionMask = 2147483647;
			files = (
			);
			inputPaths = (
			);
			name = "Copy Pods Resources";
			outputPaths = (
			);
			runOnlyForDeploymentPostprocessing = 0;
			shellPath = /bin/sh;
			shellScript = "\"${SRCROOT}/Pods/Pods-resources.sh\"\n";
		};
/* End PBXShellScriptBuildPhase section */

/* Begin PBXSourcesBuildPhase section */
		09377CC3179CFE3F00CCABF0 /* Sources */ = {
			isa = PBXSourcesBuildPhase;
			buildActionMask = 2147483647;
			files = (
				09377CD2179CFE3F00CCABF0 /* HPMusicBoxCoreData.m in Sources */,
				09377CFF179E56BD00CCABF0 /* MusicBoxModel.xcdatamodeld in Sources */,
				09A9934317B0B9D8006C4552 /* ArtistEntity.m in Sources */,
				09A9933B17B0B9D8006C4552 /* PLBaseEntity.m in Sources */,
				098E485617AF72DC001E0FCB /* CriteriaPLEntity+Helper.m in Sources */,
				098E488B17AF755D001E0FCB /* SmartPlaylistEntity+Helper.m in Sources */,
				09A9933F17B0B9D8006C4552 /* CriteriaPLEntity.m in Sources */,
				09A9933717B0B9D7006C4552 /* SmartPlaylistEntity.m in Sources */,
				090FDAF01807C2B600635B6C /* AlbumEntity+Helper.m in Sources */,
				090FDAED1807C20E00635B6C /* AlbumEntity.m in Sources */,
				098E485217AF7154001E0FCB /* ArtistEntity+Helper.m in Sources */,
			);
			runOnlyForDeploymentPostprocessing = 0;
		};
		09377CD3179CFE3F00CCABF0 /* Sources */ = {
			isa = PBXSourcesBuildPhase;
			buildActionMask = 2147483647;
			files = (
				09377CE7179CFE3F00CCABF0 /* HPMusicBoxCoreDataTests.m in Sources */,
				09377D00179E56BE00CCABF0 /* MusicBoxModel.xcdatamodeld in Sources */,
				09A9934417B0B9D8006C4552 /* ArtistEntity.m in Sources */,
				09A9933C17B0B9D8006C4552 /* PLBaseEntity.m in Sources */,
				098E485717AF72DC001E0FCB /* CriteriaPLEntity+Helper.m in Sources */,
				098E488C17AF755D001E0FCB /* SmartPlaylistEntity+Helper.m in Sources */,
				09A9934017B0B9D8006C4552 /* CriteriaPLEntity.m in Sources */,
				09A9933817B0B9D7006C4552 /* SmartPlaylistEntity.m in Sources */,
				098E485317AF7154001E0FCB /* ArtistEntity+Helper.m in Sources */,
			);
			runOnlyForDeploymentPostprocessing = 0;
		};
/* End PBXSourcesBuildPhase section */

/* Begin PBXTargetDependency section */
		09377CDE179CFE3F00CCABF0 /* PBXTargetDependency */ = {
			isa = PBXTargetDependency;
			target = 09377CC6179CFE3F00CCABF0 /* HPMusicBoxCoreData */;
			targetProxy = 09377CDD179CFE3F00CCABF0 /* PBXContainerItemProxy */;
		};
/* End PBXTargetDependency section */

/* Begin PBXVariantGroup section */
		09377CE3179CFE3F00CCABF0 /* InfoPlist.strings */ = {
			isa = PBXVariantGroup;
			children = (
				09377CE4179CFE3F00CCABF0 /* en */,
			);
			name = InfoPlist.strings;
			sourceTree = "<group>";
		};
/* End PBXVariantGroup section */

/* Begin XCBuildConfiguration section */
		09377CE8179CFE3F00CCABF0 /* Debug */ = {
			isa = XCBuildConfiguration;
			buildSettings = {
				ALWAYS_SEARCH_USER_PATHS = NO;
				CLANG_CXX_LANGUAGE_STANDARD = "gnu++0x";
				CLANG_CXX_LIBRARY = "libc++";
				CLANG_ENABLE_MODULES = YES;
				CLANG_ENABLE_OBJC_ARC = YES;
				CLANG_WARN_BOOL_CONVERSION = YES;
				CLANG_WARN_CONSTANT_CONVERSION = YES;
				CLANG_WARN_DIRECT_OBJC_ISA_USAGE = YES_ERROR;
				CLANG_WARN_EMPTY_BODY = YES;
				CLANG_WARN_ENUM_CONVERSION = YES;
				CLANG_WARN_INT_CONVERSION = YES;
				CLANG_WARN_OBJC_ROOT_CLASS = YES_ERROR;
				CLANG_WARN__DUPLICATE_METHOD_MATCH = YES;
				COPY_PHASE_STRIP = NO;
				GCC_C_LANGUAGE_STANDARD = gnu99;
				GCC_DYNAMIC_NO_PIC = NO;
				GCC_OPTIMIZATION_LEVEL = 0;
				GCC_PREPROCESSOR_DEFINITIONS = (
					"DEBUG=1",
					"$(inherited)",
				);
				GCC_SYMBOLS_PRIVATE_EXTERN = NO;
				GCC_WARN_ABOUT_RETURN_TYPE = YES_ERROR;
				GCC_WARN_UNDECLARED_SELECTOR = YES;
				GCC_WARN_UNINITIALIZED_AUTOS = YES;
				GCC_WARN_UNUSED_FUNCTION = YES;
				GCC_WARN_UNUSED_VARIABLE = YES;
				IPHONEOS_DEPLOYMENT_TARGET = 7.0;
				ONLY_ACTIVE_ARCH = YES;
				SDKROOT = iphoneos;
			};
			name = Debug;
		};
		09377CE9179CFE3F00CCABF0 /* Release */ = {
			isa = XCBuildConfiguration;
			buildSettings = {
				ALWAYS_SEARCH_USER_PATHS = NO;
				CLANG_CXX_LANGUAGE_STANDARD = "gnu++0x";
				CLANG_CXX_LIBRARY = "libc++";
				CLANG_ENABLE_MODULES = YES;
				CLANG_ENABLE_OBJC_ARC = YES;
				CLANG_WARN_BOOL_CONVERSION = YES;
				CLANG_WARN_CONSTANT_CONVERSION = YES;
				CLANG_WARN_DIRECT_OBJC_ISA_USAGE = YES_ERROR;
				CLANG_WARN_EMPTY_BODY = YES;
				CLANG_WARN_ENUM_CONVERSION = YES;
				CLANG_WARN_INT_CONVERSION = YES;
				CLANG_WARN_OBJC_ROOT_CLASS = YES_ERROR;
				CLANG_WARN__DUPLICATE_METHOD_MATCH = YES;
				COPY_PHASE_STRIP = YES;
				ENABLE_NS_ASSERTIONS = NO;
				GCC_C_LANGUAGE_STANDARD = gnu99;
				GCC_WARN_ABOUT_RETURN_TYPE = YES_ERROR;
				GCC_WARN_UNDECLARED_SELECTOR = YES;
				GCC_WARN_UNINITIALIZED_AUTOS = YES;
				GCC_WARN_UNUSED_FUNCTION = YES;
				GCC_WARN_UNUSED_VARIABLE = YES;
				IPHONEOS_DEPLOYMENT_TARGET = 7.0;
				SDKROOT = iphoneos;
				VALIDATE_PRODUCT = YES;
			};
			name = Release;
		};
		09377CEB179CFE3F00CCABF0 /* Debug */ = {
			isa = XCBuildConfiguration;
			baseConfigurationReference = 7E8F1434222146CFB61E5787 /* Pods.xcconfig */;
			buildSettings = {
				DSTROOT = /tmp/HPMusicBoxCoreData.dst;
				GCC_PRECOMPILE_PREFIX_HEADER = YES;
				GCC_PREFIX_HEADER = "HPMusicBoxCoreData/HPMusicBoxCoreData-Prefix.pch";
				OTHER_LDFLAGS = "-ObjC";
				PRODUCT_NAME = "$(TARGET_NAME)";
				SKIP_INSTALL = YES;
			};
			name = Debug;
		};
		09377CEC179CFE3F00CCABF0 /* Release */ = {
			isa = XCBuildConfiguration;
			baseConfigurationReference = 7E8F1434222146CFB61E5787 /* Pods.xcconfig */;
			buildSettings = {
				DSTROOT = /tmp/HPMusicBoxCoreData.dst;
				GCC_PRECOMPILE_PREFIX_HEADER = YES;
				GCC_PREFIX_HEADER = "HPMusicBoxCoreData/HPMusicBoxCoreData-Prefix.pch";
				OTHER_LDFLAGS = "-ObjC";
				PRODUCT_NAME = "$(TARGET_NAME)";
				SKIP_INSTALL = YES;
			};
			name = Release;
		};
		09377CEE179CFE3F00CCABF0 /* Debug */ = {
			isa = XCBuildConfiguration;
			buildSettings = {
				FRAMEWORK_SEARCH_PATHS = (
					"$(SDKROOT)/Developer/Library/Frameworks",
					"$(inherited)",
					"$(SYSTEM_APPS_DIR)/Xcode5-DP3.app/Contents/Developer/Library/Frameworks",
				);
				GCC_PRECOMPILE_PREFIX_HEADER = YES;
				GCC_PREFIX_HEADER = "HPMusicBoxCoreData/HPMusicBoxCoreData-Prefix.pch";
				GCC_PREPROCESSOR_DEFINITIONS = (
					"DEBUG=1",
					"$(inherited)",
				);
				INFOPLIST_FILE = "HPMusicBoxCoreDataTests/HPMusicBoxCoreDataTests-Info.plist";
				PRODUCT_NAME = "$(TARGET_NAME)";
				WRAPPER_EXTENSION = xctest;
			};
			name = Debug;
		};
		09377CEF179CFE3F00CCABF0 /* Release */ = {
			isa = XCBuildConfiguration;
			buildSettings = {
				FRAMEWORK_SEARCH_PATHS = (
					"$(SDKROOT)/Developer/Library/Frameworks",
					"$(inherited)",
					"$(SYSTEM_APPS_DIR)/Xcode5-DP3.app/Contents/Developer/Library/Frameworks",
				);
				GCC_PRECOMPILE_PREFIX_HEADER = YES;
				GCC_PREFIX_HEADER = "HPMusicBoxCoreData/HPMusicBoxCoreData-Prefix.pch";
				INFOPLIST_FILE = "HPMusicBoxCoreDataTests/HPMusicBoxCoreDataTests-Info.plist";
				PRODUCT_NAME = "$(TARGET_NAME)";
				WRAPPER_EXTENSION = xctest;
			};
			name = Release;
		};
/* End XCBuildConfiguration section */

/* Begin XCConfigurationList section */
		09377CC2179CFE3F00CCABF0 /* Build configuration list for PBXProject "HPMusicBoxCoreData" */ = {
			isa = XCConfigurationList;
			buildConfigurations = (
				09377CE8179CFE3F00CCABF0 /* Debug */,
				09377CE9179CFE3F00CCABF0 /* Release */,
			);
			defaultConfigurationIsVisible = 0;
			defaultConfigurationName = Release;
		};
		09377CEA179CFE3F00CCABF0 /* Build configuration list for PBXNativeTarget "HPMusicBoxCoreData" */ = {
			isa = XCConfigurationList;
			buildConfigurations = (
				09377CEB179CFE3F00CCABF0 /* Debug */,
				09377CEC179CFE3F00CCABF0 /* Release */,
			);
			defaultConfigurationIsVisible = 0;
			defaultConfigurationName = Release;
		};
		09377CED179CFE3F00CCABF0 /* Build configuration list for PBXNativeTarget "HPMusicBoxCoreDataTests" */ = {
			isa = XCConfigurationList;
			buildConfigurations = (
				09377CEE179CFE3F00CCABF0 /* Debug */,
				09377CEF179CFE3F00CCABF0 /* Release */,
			);
			defaultConfigurationIsVisible = 0;
			defaultConfigurationName = Release;
		};
/* End XCConfigurationList section */

/* Begin XCVersionGroup section */
		09377CF0179CFEBD00CCABF0 /* MusicBoxModel.xcdatamodeld */ = {
			isa = XCVersionGroup;
			children = (
				09377CF1179CFEBD00CCABF0 /* MusicBoxModel.xcdatamodel */,
			);
			currentVersion = 09377CF1179CFEBD00CCABF0 /* MusicBoxModel.xcdatamodel */;
			path = MusicBoxModel.xcdatamodeld;
			sourceTree = "<group>";
			versionGroupType = wrapper.xcdatamodel;
		};
/* End XCVersionGroup section */
	};
	rootObject = 09377CBF179CFE3F00CCABF0 /* Project object */;
}
